// !$*UTF8*$!
{
	archiveVersion = 1;
	classes = {
	};
	objectVersion = 55;
	objects = {

/* Begin PBXBuildFile section */
		B17798592762E3E8007CBDA5 /* AppDelegate.swift in Sources */ = {isa = PBXBuildFile; fileRef = B17798582762E3E8007CBDA5 /* AppDelegate.swift */; };
		B177985B2762E3E8007CBDA5 /* SceneDelegate.swift in Sources */ = {isa = PBXBuildFile; fileRef = B177985A2762E3E8007CBDA5 /* SceneDelegate.swift */; };
		B177985D2762E3E8007CBDA5 /* GeneratedUsersViewController.swift in Sources */ = {isa = PBXBuildFile; fileRef = B177985C2762E3E8007CBDA5 /* GeneratedUsersViewController.swift */; };
		B17798602762E3E8007CBDA5 /* Main.storyboard in Resources */ = {isa = PBXBuildFile; fileRef = B177985E2762E3E8007CBDA5 /* Main.storyboard */; };
		B17798622762E3EA007CBDA5 /* Assets.xcassets in Resources */ = {isa = PBXBuildFile; fileRef = B17798612762E3EA007CBDA5 /* Assets.xcassets */; };
		B17798652762E3EA007CBDA5 /* LaunchScreen.storyboard in Resources */ = {isa = PBXBuildFile; fileRef = B17798632762E3EA007CBDA5 /* LaunchScreen.storyboard */; };
		B1D235C92767DCA500B659FB /* user.json in Resources */ = {isa = PBXBuildFile; fileRef = B1D235C82767DCA400B659FB /* user.json */; };
		B1D235CB2767DD5300B659FB /* Notes.pdf in Resources */ = {isa = PBXBuildFile; fileRef = B1D235CA2767DD5200B659FB /* Notes.pdf */; };
		DAC1E1CE2831D77C00E3FA48 /* Constants.swift in Sources */ = {isa = PBXBuildFile; fileRef = DAC1E1CD2831D77C00E3FA48 /* Constants.swift */; };
		DAC1E1D028325D7A00E3FA48 /* DetailVCDelegate.swift in Sources */ = {isa = PBXBuildFile; fileRef = DAC1E1CF28325D7A00E3FA48 /* DetailVCDelegate.swift */; };
		DAD9D124282F07A500001013 /* UserTableViewCell.swift in Sources */ = {isa = PBXBuildFile; fileRef = DAD9D123282F07A500001013 /* UserTableViewCell.swift */; };
		DAD9D12628302DD500001013 /* Person.swift in Sources */ = {isa = PBXBuildFile; fileRef = DAD9D12528302DD500001013 /* Person.swift */; };
		DAD9D12828312A1A00001013 /* DetailViewController.swift in Sources */ = {isa = PBXBuildFile; fileRef = DAD9D12728312A1A00001013 /* DetailViewController.swift */; };
/* End PBXBuildFile section */

/* Begin PBXFileReference section */
		B17798552762E3E8007CBDA5 /* RUG Test.app */ = {isa = PBXFileReference; explicitFileType = wrapper.application; includeInIndex = 0; path = "RUG Test.app"; sourceTree = BUILT_PRODUCTS_DIR; };
		B17798582762E3E8007CBDA5 /* AppDelegate.swift */ = {isa = PBXFileReference; lastKnownFileType = sourcecode.swift; path = AppDelegate.swift; sourceTree = "<group>"; };
		B177985A2762E3E8007CBDA5 /* SceneDelegate.swift */ = {isa = PBXFileReference; lastKnownFileType = sourcecode.swift; path = SceneDelegate.swift; sourceTree = "<group>"; };
		B177985C2762E3E8007CBDA5 /* GeneratedUsersViewController.swift */ = {isa = PBXFileReference; lastKnownFileType = sourcecode.swift; path = GeneratedUsersViewController.swift; sourceTree = "<group>"; };
		B177985F2762E3E8007CBDA5 /* Base */ = {isa = PBXFileReference; lastKnownFileType = file.storyboard; name = Base; path = Base.lproj/Main.storyboard; sourceTree = "<group>"; };
		B17798612762E3EA007CBDA5 /* Assets.xcassets */ = {isa = PBXFileReference; lastKnownFileType = folder.assetcatalog; path = Assets.xcassets; sourceTree = "<group>"; };
		B17798642762E3EA007CBDA5 /* Base */ = {isa = PBXFileReference; lastKnownFileType = file.storyboard; name = Base; path = Base.lproj/LaunchScreen.storyboard; sourceTree = "<group>"; };
		B17798662762E3EA007CBDA5 /* Info.plist */ = {isa = PBXFileReference; lastKnownFileType = text.plist.xml; path = Info.plist; sourceTree = "<group>"; };
		B1D235C82767DCA400B659FB /* user.json */ = {isa = PBXFileReference; fileEncoding = 4; lastKnownFileType = text.json; path = user.json; sourceTree = "<group>"; };
		B1D235CA2767DD5200B659FB /* Notes.pdf */ = {isa = PBXFileReference; lastKnownFileType = image.pdf; path = Notes.pdf; sourceTree = "<group>"; };
		DAC1E1CD2831D77C00E3FA48 /* Constants.swift */ = {isa = PBXFileReference; lastKnownFileType = sourcecode.swift; path = Constants.swift; sourceTree = "<group>"; };
		DAC1E1CF28325D7A00E3FA48 /* DetailVCDelegate.swift */ = {isa = PBXFileReference; lastKnownFileType = sourcecode.swift; path = DetailVCDelegate.swift; sourceTree = "<group>"; };
		DAD9D123282F07A500001013 /* UserTableViewCell.swift */ = {isa = PBXFileReference; lastKnownFileType = sourcecode.swift; path = UserTableViewCell.swift; sourceTree = "<group>"; };
		DAD9D12528302DD500001013 /* Person.swift */ = {isa = PBXFileReference; lastKnownFileType = sourcecode.swift; path = Person.swift; sourceTree = "<group>"; };
		DAD9D12728312A1A00001013 /* DetailViewController.swift */ = {isa = PBXFileReference; lastKnownFileType = sourcecode.swift; path = DetailViewController.swift; sourceTree = "<group>"; };
/* End PBXFileReference section */

/* Begin PBXFrameworksBuildPhase section */
		B17798522762E3E8007CBDA5 /* Frameworks */ = {
			isa = PBXFrameworksBuildPhase;
			buildActionMask = 2147483647;
			files = (
			);
			runOnlyForDeploymentPostprocessing = 0;
		};
/* End PBXFrameworksBuildPhase section */

/* Begin PBXGroup section */
		B177984C2762E3E7007CBDA5 = {
			isa = PBXGroup;
			children = (
				B17798572762E3E8007CBDA5 /* RUG Test */,
				B17798562762E3E8007CBDA5 /* Products */,
			);
			sourceTree = "<group>";
		};
		B17798562762E3E8007CBDA5 /* Products */ = {
			isa = PBXGroup;
			children = (
				B17798552762E3E8007CBDA5 /* RUG Test.app */,
			);
			name = Products;
			sourceTree = "<group>";
		};
		B17798572762E3E8007CBDA5 /* RUG Test */ = {
			isa = PBXGroup;
			children = (
				DAC1E1D128325D7F00E3FA48 /* helpers */,
				B177985C2762E3E8007CBDA5 /* GeneratedUsersViewController.swift */,
				B17798582762E3E8007CBDA5 /* AppDelegate.swift */,
				B177985A2762E3E8007CBDA5 /* SceneDelegate.swift */,
				B1D235CA2767DD5200B659FB /* Notes.pdf */,
				B1D235C82767DCA400B659FB /* user.json */,
				B177985E2762E3E8007CBDA5 /* Main.storyboard */,
				B17798612762E3EA007CBDA5 /* Assets.xcassets */,
				B17798632762E3EA007CBDA5 /* LaunchScreen.storyboard */,
				B17798662762E3EA007CBDA5 /* Info.plist */,
				DAD9D123282F07A500001013 /* UserTableViewCell.swift */,
				DAD9D12528302DD500001013 /* Person.swift */,
				DAD9D12728312A1A00001013 /* DetailViewController.swift */,
			);
			path = "RUG Test";
			sourceTree = "<group>";
		};
		DAC1E1D128325D7F00E3FA48 /* helpers */ = {
			isa = PBXGroup;
			children = (
				DAC1E1CD2831D77C00E3FA48 /* Constants.swift */,
				DAC1E1CF28325D7A00E3FA48 /* DetailVCDelegate.swift */,
			);
			path = helpers;
			sourceTree = "<group>";
		};
/* End PBXGroup section */

/* Begin PBXNativeTarget section */
		B17798542762E3E8007CBDA5 /* RUG Test */ = {
			isa = PBXNativeTarget;
			buildConfigurationList = B17798692762E3EA007CBDA5 /* Build configuration list for PBXNativeTarget "RUG Test" */;
			buildPhases = (
				B17798512762E3E8007CBDA5 /* Sources */,
				B17798522762E3E8007CBDA5 /* Frameworks */,
				B17798532762E3E8007CBDA5 /* Resources */,
			);
			buildRules = (
			);
			dependencies = (
			);
			name = "RUG Test";
			productName = "RUG Test";
			productReference = B17798552762E3E8007CBDA5 /* RUG Test.app */;
			productType = "com.apple.product-type.application";
		};
/* End PBXNativeTarget section */

/* Begin PBXProject section */
		B177984D2762E3E8007CBDA5 /* Project object */ = {
			isa = PBXProject;
			attributes = {
				BuildIndependentTargetsInParallel = 1;
				LastSwiftUpdateCheck = 1310;
				LastUpgradeCheck = 1310;
				TargetAttributes = {
					B17798542762E3E8007CBDA5 = {
						CreatedOnToolsVersion = 13.1;
					};
				};
			};
			buildConfigurationList = B17798502762E3E8007CBDA5 /* Build configuration list for PBXProject "RUG Test" */;
			compatibilityVersion = "Xcode 13.0";
			developmentRegion = en;
			hasScannedForEncodings = 0;
			knownRegions = (
				en,
				Base,
			);
			mainGroup = B177984C2762E3E7007CBDA5;
			productRefGroup = B17798562762E3E8007CBDA5 /* Products */;
			projectDirPath = "";
			projectRoot = "";
			targets = (
				B17798542762E3E8007CBDA5 /* RUG Test */,
			);
		};
/* End PBXProject section */

/* Begin PBXResourcesBuildPhase section */
		B17798532762E3E8007CBDA5 /* Resources */ = {
			isa = PBXResourcesBuildPhase;
			buildActionMask = 2147483647;
			files = (
				B1D235C92767DCA500B659FB /* user.json in Resources */,
				B17798652762E3EA007CBDA5 /* LaunchScreen.storyboard in Resources */,
				B17798622762E3EA007CBDA5 /* Assets.xcassets in Resources */,
				B17798602762E3E8007CBDA5 /* Main.storyboard in Resources */,
				B1D235CB2767DD5300B659FB /* Notes.pdf in Resources */,
			);
			runOnlyForDeploymentPostprocessing = 0;
		};
/* End PBXResourcesBuildPhase section */

/* Begin PBXSourcesBuildPhase section */
		B17798512762E3E8007CBDA5 /* Sources */ = {
			isa = PBXSourcesBuildPhase;
			buildActionMask = 2147483647;
			files = (
				DAD9D12628302DD500001013 /* Person.swift in Sources */,
				B177985D2762E3E8007CBDA5 /* GeneratedUsersViewController.swift in Sources */,
				B17798592762E3E8007CBDA5 /* AppDelegate.swift in Sources */,
				DAD9D12828312A1A00001013 /* DetailViewController.swift in Sources */,
				DAC1E1D028325D7A00E3FA48 /* DetailVCDelegate.swift in Sources */,
				DAC1E1CE2831D77C00E3FA48 /* Constants.swift in Sources */,
				DAD9D124282F07A500001013 /* UserTableViewCell.swift in Sources */,
				B177985B2762E3E8007CBDA5 /* SceneDelegate.swift in Sources */,
			);
			runOnlyForDeploymentPostprocessing = 0;
		};
/* End PBXSourcesBuildPhase section */

/* Begin PBXVariantGroup section */
		B177985E2762E3E8007CBDA5 /* Main.storyboard */ = {
			isa = PBXVariantGroup;
			children = (
				B177985F2762E3E8007CBDA5 /* Base */,
			);
			name = Main.storyboard;
			sourceTree = "<group>";
		};
		B17798632762E3EA007CBDA5 /* LaunchScreen.storyboard */ = {
			isa = PBXVariantGroup;
			children = (
				B17798642762E3EA007CBDA5 /* Base */,
			);
			name = LaunchScreen.storyboard;
			sourceTree = "<group>";
		};
/* End PBXVariantGroup section */

/* Begin XCBuildConfiguration section */
		B17798672762E3EA007CBDA5 /* Debug */ = {
			isa = XCBuildConfiguration;
			buildSettings = {
				ALWAYS_SEARCH_USER_PATHS = NO;
				CLANG_ANALYZER_NONNULL = YES;
				CLANG_ANALYZER_NUMBER_OBJECT_CONVERSION = YES_AGGRESSIVE;
				CLANG_CXX_LANGUAGE_STANDARD = "gnu++17";
				CLANG_CXX_LIBRARY = "libc++";
				CLANG_ENABLE_MODULES = YES;
				CLANG_ENABLE_OBJC_ARC = YES;
				CLANG_ENABLE_OBJC_WEAK = YES;
				CLANG_WARN_BLOCK_CAPTURE_AUTORELEASING = YES;
				CLANG_WARN_BOOL_CONVERSION = YES;
				CLANG_WARN_COMMA = YES;
				CLANG_WARN_CONSTANT_CONVERSION = YES;
				CLANG_WARN_DEPRECATED_OBJC_IMPLEMENTATIONS = YES;
				CLANG_WARN_DIRECT_OBJC_ISA_USAGE = YES_ERROR;
				CLANG_WARN_DOCUMENTATION_COMMENTS = YES;
				CLANG_WARN_EMPTY_BODY = YES;
				CLANG_WARN_ENUM_CONVERSION = YES;
				CLANG_WARN_INFINITE_RECURSION = YES;
				CLANG_WARN_INT_CONVERSION = YES;
				CLANG_WARN_NON_LITERAL_NULL_CONVERSION = YES;
				CLANG_WARN_OBJC_IMPLICIT_RETAIN_SELF = YES;
				CLANG_WARN_OBJC_LITERAL_CONVERSION = YES;
				CLANG_WARN_OBJC_ROOT_CLASS = YES_ERROR;
				CLANG_WARN_QUOTED_INCLUDE_IN_FRAMEWORK_HEADER = YES;
				CLANG_WARN_RANGE_LOOP_ANALYSIS = YES;
				CLANG_WARN_STRICT_PROTOTYPES = YES;
				CLANG_WARN_SUSPICIOUS_MOVE = YES;
				CLANG_WARN_UNGUARDED_AVAILABILITY = YES_AGGRESSIVE;
				CLANG_WARN_UNREACHABLE_CODE = YES;
				CLANG_WARN__DUPLICATE_METHOD_MATCH = YES;
				COPY_PHASE_STRIP = NO;
				DEBUG_INFORMATION_FORMAT = dwarf;
				ENABLE_STRICT_OBJC_MSGSEND = YES;
				ENABLE_TESTABILITY = YES;
				GCC_C_LANGUAGE_STANDARD = gnu11;
				GCC_DYNAMIC_NO_PIC = NO;
				GCC_NO_COMMON_BLOCKS = YES;
				GCC_OPTIMIZATION_LEVEL = 0;
				GCC_PREPROCESSOR_DEFINITIONS = (
					"DEBUG=1",
					"$(inherited)",
				);
				GCC_WARN_64_TO_32_BIT_CONVERSION = YES;
				GCC_WARN_ABOUT_RETURN_TYPE = YES_ERROR;
				GCC_WARN_UNDECLARED_SELECTOR = YES;
				GCC_WARN_UNINITIALIZED_AUTOS = YES_AGGRESSIVE;
				GCC_WARN_UNUSED_FUNCTION = YES;
				GCC_WARN_UNUSED_VARIABLE = YES;
				IPHONEOS_DEPLOYMENT_TARGET = 15.0;
				MTL_ENABLE_DEBUG_INFO = INCLUDE_SOURCE;
				MTL_FAST_MATH = YES;
				ONLY_ACTIVE_ARCH = YES;
				SDKROOT = iphoneos;
				SWIFT_ACTIVE_COMPILATION_CONDITIONS = DEBUG;
				SWIFT_OPTIMIZATION_LEVEL = "-Onone";
			};
			name = Debug;
		};
		B17798682762E3EA007CBDA5 /* Release */ = {
			isa = XCBuildConfiguration;
			buildSettings = {
				ALWAYS_SEARCH_USER_PATHS = NO;
				CLANG_ANALYZER_NONNULL = YES;
				CLANG_ANALYZER_NUMBER_OBJECT_CONVERSION = YES_AGGRESSIVE;
				CLANG_CXX_LANGUAGE_STANDARD = "gnu++17";
				CLANG_CXX_LIBRARY = "libc++";
				CLANG_ENABLE_MODULES = YES;
				CLANG_ENABLE_OBJC_ARC = YES;
				CLANG_ENABLE_OBJC_WEAK = YES;
				CLANG_WARN_BLOCK_CAPTURE_AUTORELEASING = YES;
				CLANG_WARN_BOOL_CONVERSION = YES;
				CLANG_WARN_COMMA = YES;
				CLANG_WARN_CONSTANT_CONVERSION = YES;
				CLANG_WARN_DEPRECATED_OBJC_IMPLEMENTATIONS = YES;
				CLANG_WARN_DIRECT_OBJC_ISA_USAGE = YES_ERROR;
				CLANG_WARN_DOCUMENTATION_COMMENTS = YES;
				CLANG_WARN_EMPTY_BODY = YES;
				CLANG_WARN_ENUM_CONVERSION = YES;
				CLANG_WARN_INFINITE_RECURSION = YES;
				CLANG_WARN_INT_CONVERSION = YES;
				CLANG_WARN_NON_LITERAL_NULL_CONVERSION = YES;
				CLANG_WARN_OBJC_IMPLICIT_RETAIN_SELF = YES;
				CLANG_WARN_OBJC_LITERAL_CONVERSION = YES;
				CLANG_WARN_OBJC_ROOT_CLASS = YES_ERROR;
				CLANG_WARN_QUOTED_INCLUDE_IN_FRAMEWORK_HEADER = YES;
				CLANG_WARN_RANGE_LOOP_ANALYSIS = YES;
				CLANG_WARN_STRICT_PROTOTYPES = YES;
				CLANG_WARN_SUSPICIOUS_MOVE = YES;
				CLANG_WARN_UNGUARDED_AVAILABILITY = YES_AGGRESSIVE;
				CLANG_WARN_UNREACHABLE_CODE = YES;
				CLANG_WARN__DUPLICATE_METHOD_MATCH = YES;
				COPY_PHASE_STRIP = NO;
				DEBUG_INFORMATION_FORMAT = "dwarf-with-dsym";
				ENABLE_NS_ASSERTIONS = NO;
				ENABLE_STRICT_OBJC_MSGSEND = YES;
				GCC_C_LANGUAGE_STANDARD = gnu11;
				GCC_NO_COMMON_BLOCKS = YES;
				GCC_WARN_64_TO_32_BIT_CONVERSION = YES;
				GCC_WARN_ABOUT_RETURN_TYPE = YES_ERROR;
				GCC_WARN_UNDECLARED_SELECTOR = YES;
				GCC_WARN_UNINITIALIZED_AUTOS = YES_AGGRESSIVE;
				GCC_WARN_UNUSED_FUNCTION = YES;
				GCC_WARN_UNUSED_VARIABLE = YES;
				IPHONEOS_DEPLOYMENT_TARGET = 15.0;
				MTL_ENABLE_DEBUG_INFO = NO;
				MTL_FAST_MATH = YES;
				SDKROOT = iphoneos;
				SWIFT_COMPILATION_MODE = wholemodule;
				SWIFT_OPTIMIZATION_LEVEL = "-O";
				VALIDATE_PRODUCT = YES;
			};
			name = Release;
		};
		B177986A2762E3EA007CBDA5 /* Debug */ = {
			isa = XCBuildConfiguration;
			buildSettings = {
				ASSETCATALOG_COMPILER_APPICON_NAME = AppIcon;
				ASSETCATALOG_COMPILER_GLOBAL_ACCENT_COLOR_NAME = AccentColor;
				CODE_SIGN_STYLE = Automatic;
				CURRENT_PROJECT_VERSION = 1;
				DEVELOPMENT_TEAM = R7SHSK6MNC;
				GENERATE_INFOPLIST_FILE = YES;
				INFOPLIST_FILE = "RUG Test/Info.plist";
				INFOPLIST_KEY_UIApplicationSupportsIndirectInputEvents = YES;
				INFOPLIST_KEY_UILaunchStoryboardName = LaunchScreen;
				INFOPLIST_KEY_UIMainStoryboardFile = Main;
				INFOPLIST_KEY_UISupportedInterfaceOrientations_iPad = "UIInterfaceOrientationPortrait UIInterfaceOrientationPortraitUpsideDown UIInterfaceOrientationLandscapeLeft UIInterfaceOrientationLandscapeRight";
				INFOPLIST_KEY_UISupportedInterfaceOrientations_iPhone = "UIInterfaceOrientationPortrait UIInterfaceOrientationLandscapeLeft UIInterfaceOrientationLandscapeRight";
				LD_RUNPATH_SEARCH_PATHS = (
					"$(inherited)",
					"@executable_path/Frameworks",
				);
				MARKETING_VERSION = 1.0;
				PRODUCT_BUNDLE_IDENTIFIER = "RUG.RUG-Test";
				PRODUCT_NAME = "$(TARGET_NAME)";
				SWIFT_EMIT_LOC_STRINGS = YES;
				SWIFT_VERSION = 5.0;
				TARGETED_DEVICE_FAMILY = "1,2";
			};
			name = Debug;
		};
		B177986B2762E3EA007CBDA5 /* Release */ = {
			isa = XCBuildConfiguration;
			buildSettings = {
				ASSETCATALOG_COMPILER_APPICON_NAME = AppIcon;
				ASSETCATALOG_COMPILER_GLOBAL_ACCENT_COLOR_NAME = AccentColor;
				CODE_SIGN_STYLE = Automatic;
				CURRENT_PROJECT_VERSION = 1;
				DEVELOPMENT_TEAM = R7SHSK6MNC;
				GENERATE_INFOPLIST_FILE = YES;
				INFOPLIST_FILE = "RUG Test/Info.plist";
				INFOPLIST_KEY_UIApplicationSupportsIndirectInputEvents = YES;
				INFOPLIST_KEY_UILaunchStoryboardName = LaunchScreen;
				INFOPLIST_KEY_UIMainStoryboardFile = Main;
				INFOPLIST_KEY_UISupportedInterfaceOrientations_iPad = "UIInterfaceOrientationPortrait UIInterfaceOrientationPortraitUpsideDown UIInterfaceOrientationLandscapeLeft UIInterfaceOrientationLandscapeRight";
				INFOPLIST_KEY_UISupportedInterfaceOrientations_iPhone = "UIInterfaceOrientationPortrait UIInterfaceOrientationLandscapeLeft UIInterfaceOrientationLandscapeRight";
				LD_RUNPATH_SEARCH_PATHS = (
					"$(inherited)",
					"@executable_path/Frameworks",
				);
				MARKETING_VERSION = 1.0;
				PRODUCT_BUNDLE_IDENTIFIER = "RUG.RUG-Test";
				PRODUCT_NAME = "$(TARGET_NAME)";
				SWIFT_EMIT_LOC_STRINGS = YES;
				SWIFT_VERSION = 5.0;
				TARGETED_DEVICE_FAMILY = "1,2";
			};
			name = Release;
		};
/* End XCBuildConfiguration section */

/* Begin XCConfigurationList section */
		B17798502762E3E8007CBDA5 /* Build configuration list for PBXProject "RUG Test" */ = {
			isa = XCConfigurationList;
			buildConfigurations = (
				B17798672762E3EA007CBDA5 /* Debug */,
				B17798682762E3EA007CBDA5 /* Release */,
			);
			defaultConfigurationIsVisible = 0;
			defaultConfigurationName = Release;
		};
		B17798692762E3EA007CBDA5 /* Build configuration list for PBXNativeTarget "RUG Test" */ = {
			isa = XCConfigurationList;
			buildConfigurations = (
				B177986A2762E3EA007CBDA5 /* Debug */,
				B177986B2762E3EA007CBDA5 /* Release */,
			);
			defaultConfigurationIsVisible = 0;
			defaultConfigurationName = Release;
		};
/* End XCConfigurationList section */
	};
	rootObject = B177984D2762E3E8007CBDA5 /* Project object */;
}
